
Microsoft Visual Studio Solution File, Format Version 12.00
# Visual Studio Version 17
VisualStudioVersion = 17.10.35027.167
MinimumVisualStudioVersion = 10.0.40219.1
Project("{FAE04EC0-301F-11D3-BF4B-00C04F79EFBC}") = "Sumados4030347", "Sumados4030347\Sumados4030347.csproj", "{E6EADB2B-37C9-4578-8289-C8D2127504CD}"
EndProject
Global
	GlobalSection(SolutionConfigurationPlatforms) = preSolution
		Debug|Any CPU = Debug|Any CPU
		Release|Any CPU = Release|Any CPU
	EndGlobalSection
	GlobalSection(ProjectConfigurationPlatforms) = postSolution
		{E6EADB2B-37C9-4578-8289-C8D2127504CD}.Debug|Any CPU.ActiveCfg = Debug|Any CPU
		{E6EADB2B-37C9-4578-8289-C8D2127504CD}.Debug|Any CPU.Build.0 = Debug|Any CPU
		{E6EADB2B-37C9-4578-8289-C8D2127504CD}.Debug|Any CPU.Deploy.0 = Debug|Any CPU
		{E6EADB2B-37C9-4578-8289-C8D2127504CD}.Release|Any CPU.ActiveCfg = Release|Any CPU
		{E6EADB2B-37C9-4578-8289-C8D2127504CD}.Release|Any CPU.Build.0 = Release|Any CPU
		{E6EADB2B-37C9-4578-8289-C8D2127504CD}.Release|Any CPU.Deploy.0 = Release|Any CPU
	EndGlobalSection
	GlobalSection(SolutionProperties) = preSolution
		HideSolutionNode = FALSE
	EndGlobalSection
	GlobalSection(ExtensibilityGlobals) = postSolution
		SolutionGuid = {5D42473B-1716-4A9C-A053-B2DADCCA5C1E}
	EndGlobalSection
EndGlobal
